
Microsoft Visual Studio Solution File, Format Version 12.00
# Visual Studio Version 16
VisualStudioVersion = 16.0.30523.141
MinimumVisualStudioVersion = 10.0.40219.1
Project("{FAE04EC0-301F-11D3-BF4B-00C04F79EFBC}") = "6_SpiralMatrix", "6_SpiralMatrix.csproj", "{D95FD8D7-2162-4C16-A53C-DF475CE1C9E9}"
EndProject
Global
	GlobalSection(SolutionConfigurationPlatforms) = preSolution
		Debug|Any CPU = Debug|Any CPU
		Release|Any CPU = Release|Any CPU
	EndGlobalSection
	GlobalSection(ProjectConfigurationPlatforms) = postSolution
		{D95FD8D7-2162-4C16-A53C-DF475CE1C9E9}.Debug|Any CPU.ActiveCfg = Debug|Any CPU
		{D95FD8D7-2162-4C16-A53C-DF475CE1C9E9}.Debug|Any CPU.Build.0 = Debug|Any CPU
		{D95FD8D7-2162-4C16-A53C-DF475CE1C9E9}.Release|Any CPU.ActiveCfg = Release|Any CPU
		{D95FD8D7-2162-4C16-A53C-DF475CE1C9E9}.Release|Any CPU.Build.0 = Release|Any CPU
	EndGlobalSection
	GlobalSection(SolutionProperties) = preSolution
		HideSolutionNode = FALSE
	EndGlobalSection
	GlobalSection(ExtensibilityGlobals) = postSolution
		SolutionGuid = {F84E9B42-AB2A-4D7A-AE34-25F61097C5DD}
	EndGlobalSection
EndGlobal
