
Microsoft Visual Studio Solution File, Format Version 12.00
# Visual Studio Version 16
VisualStudioVersion = 16.0.30523.141
MinimumVisualStudioVersion = 10.0.40219.1
Project("{FAE04EC0-301F-11D3-BF4B-00C04F79EFBC}") = "12_Eratosthenes", "12_Eratosthenes.csproj", "{8A7CC09F-FBB8-465D-AE1A-9E133ED1CA87}"
EndProject
Global
	GlobalSection(SolutionConfigurationPlatforms) = preSolution
		Debug|Any CPU = Debug|Any CPU
		Release|Any CPU = Release|Any CPU
	EndGlobalSection
	GlobalSection(ProjectConfigurationPlatforms) = postSolution
		{8A7CC09F-FBB8-465D-AE1A-9E133ED1CA87}.Debug|Any CPU.ActiveCfg = Debug|Any CPU
		{8A7CC09F-FBB8-465D-AE1A-9E133ED1CA87}.Debug|Any CPU.Build.0 = Debug|Any CPU
		{8A7CC09F-FBB8-465D-AE1A-9E133ED1CA87}.Release|Any CPU.ActiveCfg = Release|Any CPU
		{8A7CC09F-FBB8-465D-AE1A-9E133ED1CA87}.Release|Any CPU.Build.0 = Release|Any CPU
	EndGlobalSection
	GlobalSection(SolutionProperties) = preSolution
		HideSolutionNode = FALSE
	EndGlobalSection
	GlobalSection(ExtensibilityGlobals) = postSolution
		SolutionGuid = {FDCEBB88-F373-41E0-84AF-076A75C7A090}
	EndGlobalSection
EndGlobal
