
Microsoft Visual Studio Solution File, Format Version 12.00
# Visual Studio Version 16
VisualStudioVersion = 16.0.30523.141
MinimumVisualStudioVersion = 10.0.40219.1
Project("{FAE04EC0-301F-11D3-BF4B-00C04F79EFBC}") = "LAB 2", "LAB 2.csproj", "{2596EFAE-3967-4DE0-8202-44DE1D1527AF}"
EndProject
Global
	GlobalSection(SolutionConfigurationPlatforms) = preSolution
		Debug|Any CPU = Debug|Any CPU
		Release|Any CPU = Release|Any CPU
	EndGlobalSection
	GlobalSection(ProjectConfigurationPlatforms) = postSolution
		{2596EFAE-3967-4DE0-8202-44DE1D1527AF}.Debug|Any CPU.ActiveCfg = Debug|Any CPU
		{2596EFAE-3967-4DE0-8202-44DE1D1527AF}.Debug|Any CPU.Build.0 = Debug|Any CPU
		{2596EFAE-3967-4DE0-8202-44DE1D1527AF}.Release|Any CPU.ActiveCfg = Release|Any CPU
		{2596EFAE-3967-4DE0-8202-44DE1D1527AF}.Release|Any CPU.Build.0 = Release|Any CPU
	EndGlobalSection
	GlobalSection(SolutionProperties) = preSolution
		HideSolutionNode = FALSE
	EndGlobalSection
	GlobalSection(ExtensibilityGlobals) = postSolution
		SolutionGuid = {A1F161BC-786F-43A7-B9E8-0A3A9492E385}
	EndGlobalSection
EndGlobal
